
Microsoft Visual Studio Solution File, Format Version 12.00
# Visual Studio 15
VisualStudioVersion = 15.0.28307.539
MinimumVisualStudioVersion = 10.0.40219.1
Project("{9A19103F-16F7-4668-BE54-9A1E7A4F7556}") = "DoctorRatingsClient", "DoctorRatingsClient\DoctorRatingsClient.csproj", "{619DDC5F-7656-4C66-871B-343F3446DA56}"
	ProjectSection(ProjectDependencies) = postProject
		{76C1136B-7836-420F-8574-79FE21DCF98F} = {76C1136B-7836-420F-8574-79FE21DCF98F}
	EndProjectSection
EndProject
Project("{FAE04EC0-301F-11D3-BF4B-00C04F79EFBC}") = "DoctorRatingsServer", "DoctorRatingsServer\DoctorRatingsServer.csproj", "{76C1136B-7836-420F-8574-79FE21DCF98F}"
EndProject
Global
	GlobalSection(SolutionConfigurationPlatforms) = preSolution
		Debug|Any CPU = Debug|Any CPU
		Release|Any CPU = Release|Any CPU
	EndGlobalSection
	GlobalSection(ProjectConfigurationPlatforms) = postSolution
		{619DDC5F-7656-4C66-871B-343F3446DA56}.Debug|Any CPU.ActiveCfg = Debug|Any CPU
		{619DDC5F-7656-4C66-871B-343F3446DA56}.Debug|Any CPU.Build.0 = Debug|Any CPU
		{619DDC5F-7656-4C66-871B-343F3446DA56}.Release|Any CPU.ActiveCfg = Release|Any CPU
		{619DDC5F-7656-4C66-871B-343F3446DA56}.Release|Any CPU.Build.0 = Release|Any CPU
		{76C1136B-7836-420F-8574-79FE21DCF98F}.Debug|Any CPU.ActiveCfg = Debug|Any CPU
		{76C1136B-7836-420F-8574-79FE21DCF98F}.Debug|Any CPU.Build.0 = Debug|Any CPU
		{76C1136B-7836-420F-8574-79FE21DCF98F}.Release|Any CPU.ActiveCfg = Release|Any CPU
		{76C1136B-7836-420F-8574-79FE21DCF98F}.Release|Any CPU.Build.0 = Release|Any CPU
	EndGlobalSection
	GlobalSection(SolutionProperties) = preSolution
		HideSolutionNode = FALSE
	EndGlobalSection
	GlobalSection(ExtensibilityGlobals) = postSolution
		SolutionGuid = {81536997-740A-4359-B5C8-A94CF09C4017}
	EndGlobalSection
EndGlobal
